// !$*UTF8*$!
{
	archiveVersion = 1;
	classes = {
	};
	objectVersion = 51;
	objects = {

/* Begin PBXBuildFile section */
		74AD845981D6C625D74631CE /* Pods_sketch.framework in Frameworks */ = {isa = PBXBuildFile; fileRef = 38A8F4103187354724FE7235 /* Pods_sketch.framework */; };
		B90A0E6524F71EC100254587 /* AppDelegate.swift in Sources */ = {isa = PBXBuildFile; fileRef = B90A0E6424F71EC100254587 /* AppDelegate.swift */; };
		B90A0E6924F71EC100254587 /* SlateViewController.swift in Sources */ = {isa = PBXBuildFile; fileRef = B90A0E6824F71EC100254587 /* SlateViewController.swift */; };
		B90A0E6E24F71EC300254587 /* Assets.xcassets in Resources */ = {isa = PBXBuildFile; fileRef = B90A0E6D24F71EC300254587 /* Assets.xcassets */; };
		B90A0E7124F71EC300254587 /* LaunchScreen.storyboard in Resources */ = {isa = PBXBuildFile; fileRef = B90A0E6F24F71EC300254587 /* LaunchScreen.storyboard */; };
		B90A0E7924F726B500254587 /* Slate.swift in Sources */ = {isa = PBXBuildFile; fileRef = B90A0E7824F726B500254587 /* Slate.swift */; };
		B90A0E7B24F74D4800254587 /* Line.swift in Sources */ = {isa = PBXBuildFile; fileRef = B90A0E7A24F74D4800254587 /* Line.swift */; };
		B98E21EF24FA40AF00E98097 /* Welcome.swift in Sources */ = {isa = PBXBuildFile; fileRef = B98E21EE24FA40AF00E98097 /* Welcome.swift */; };
		B98E21F124FA444100E98097 /* LoginViewController.swift in Sources */ = {isa = PBXBuildFile; fileRef = B98E21F024FA444100E98097 /* LoginViewController.swift */; };
		B98E21F324FA445300E98097 /* SignUpViewController.swift in Sources */ = {isa = PBXBuildFile; fileRef = B98E21F224FA445300E98097 /* SignUpViewController.swift */; };
		B98E21F524FA4B6900E98097 /* GoogleService-Info.plist in Resources */ = {isa = PBXBuildFile; fileRef = B98E21F424FA4B6900E98097 /* GoogleService-Info.plist */; };
		B98E21F824FA511500E98097 /* UITectField+Extension.swift in Sources */ = {isa = PBXBuildFile; fileRef = B98E21F724FA511500E98097 /* UITectField+Extension.swift */; };
		B98E21FA24FA51C400E98097 /* UIViewController+Exntension+Alert.swift in Sources */ = {isa = PBXBuildFile; fileRef = B98E21F924FA51C400E98097 /* UIViewController+Exntension+Alert.swift */; };
		B98E21FC24FA5FBF00E98097 /* PrimaryDrawingViewController.swift in Sources */ = {isa = PBXBuildFile; fileRef = B98E21FB24FA5FBF00E98097 /* PrimaryDrawingViewController.swift */; };
		B98E21FE24FA612C00E98097 /* DrawingCell.swift in Sources */ = {isa = PBXBuildFile; fileRef = B98E21FD24FA612C00E98097 /* DrawingCell.swift */; };
		B98E220024FA6C0900E98097 /* SharingViewController.swift in Sources */ = {isa = PBXBuildFile; fileRef = B98E21FF24FA6C0900E98097 /* SharingViewController.swift */; };
		B98E220224FA8F3600E98097 /* Drawing.swift in Sources */ = {isa = PBXBuildFile; fileRef = B98E220124FA8F3600E98097 /* Drawing.swift */; };
		B98E220424FA924200E98097 /* UIView+Extension.swift in Sources */ = {isa = PBXBuildFile; fileRef = B98E220324FA924200E98097 /* UIView+Extension.swift */; };
		B98E220624FA946800E98097 /* DrawingViewer.swift in Sources */ = {isa = PBXBuildFile; fileRef = B98E220524FA946800E98097 /* DrawingViewer.swift */; };
		B9E737B624FAB07F001B3BFB /* UIImageView+Extension.swift in Sources */ = {isa = PBXBuildFile; fileRef = B9E737B524FAB07F001B3BFB /* UIImageView+Extension.swift */; };
/* End PBXBuildFile section */

/* Begin PBXFileReference section */
		38A8F4103187354724FE7235 /* Pods_sketch.framework */ = {isa = PBXFileReference; explicitFileType = wrapper.framework; includeInIndex = 0; path = Pods_sketch.framework; sourceTree = BUILT_PRODUCTS_DIR; };
		4238FB65BA73BF060C78BF38 /* Pods-sketch.debug.xcconfig */ = {isa = PBXFileReference; includeInIndex = 1; lastKnownFileType = text.xcconfig; name = "Pods-sketch.debug.xcconfig"; path = "Target Support Files/Pods-sketch/Pods-sketch.debug.xcconfig"; sourceTree = "<group>"; };
		77FF2F2292C4AA01791048DA /* Pods-sketch.release.xcconfig */ = {isa = PBXFileReference; includeInIndex = 1; lastKnownFileType = text.xcconfig; name = "Pods-sketch.release.xcconfig"; path = "Target Support Files/Pods-sketch/Pods-sketch.release.xcconfig"; sourceTree = "<group>"; };
		B90A0E6124F71EC100254587 /* sketch.app */ = {isa = PBXFileReference; explicitFileType = wrapper.application; includeInIndex = 0; path = sketch.app; sourceTree = BUILT_PRODUCTS_DIR; };
		B90A0E6424F71EC100254587 /* AppDelegate.swift */ = {isa = PBXFileReference; lastKnownFileType = sourcecode.swift; path = AppDelegate.swift; sourceTree = "<group>"; };
		B90A0E6824F71EC100254587 /* SlateViewController.swift */ = {isa = PBXFileReference; lastKnownFileType = sourcecode.swift; path = SlateViewController.swift; sourceTree = "<group>"; };
		B90A0E6D24F71EC300254587 /* Assets.xcassets */ = {isa = PBXFileReference; lastKnownFileType = folder.assetcatalog; path = Assets.xcassets; sourceTree = "<group>"; };
		B90A0E7024F71EC300254587 /* Base */ = {isa = PBXFileReference; lastKnownFileType = file.storyboard; name = Base; path = Base.lproj/LaunchScreen.storyboard; sourceTree = "<group>"; };
		B90A0E7224F71EC300254587 /* Info.plist */ = {isa = PBXFileReference; lastKnownFileType = text.plist.xml; path = Info.plist; sourceTree = "<group>"; };
		B90A0E7824F726B500254587 /* Slate.swift */ = {isa = PBXFileReference; lastKnownFileType = sourcecode.swift; path = Slate.swift; sourceTree = "<group>"; };
		B90A0E7A24F74D4800254587 /* Line.swift */ = {isa = PBXFileReference; lastKnownFileType = sourcecode.swift; path = Line.swift; sourceTree = "<group>"; };
		B98E21EE24FA40AF00E98097 /* Welcome.swift */ = {isa = PBXFileReference; lastKnownFileType = sourcecode.swift; path = Welcome.swift; sourceTree = "<group>"; };
		B98E21F024FA444100E98097 /* LoginViewController.swift */ = {isa = PBXFileReference; lastKnownFileType = sourcecode.swift; path = LoginViewController.swift; sourceTree = "<group>"; };
		B98E21F224FA445300E98097 /* SignUpViewController.swift */ = {isa = PBXFileReference; lastKnownFileType = sourcecode.swift; path = SignUpViewController.swift; sourceTree = "<group>"; };
		B98E21F424FA4B6900E98097 /* GoogleService-Info.plist */ = {isa = PBXFileReference; fileEncoding = 4; lastKnownFileType = text.plist.xml; path = "GoogleService-Info.plist"; sourceTree = "<group>"; };
		B98E21F724FA511500E98097 /* UITectField+Extension.swift */ = {isa = PBXFileReference; lastKnownFileType = sourcecode.swift; path = "UITectField+Extension.swift"; sourceTree = "<group>"; };
		B98E21F924FA51C400E98097 /* UIViewController+Exntension+Alert.swift */ = {isa = PBXFileReference; lastKnownFileType = sourcecode.swift; path = "UIViewController+Exntension+Alert.swift"; sourceTree = "<group>"; };
		B98E21FB24FA5FBF00E98097 /* PrimaryDrawingViewController.swift */ = {isa = PBXFileReference; lastKnownFileType = sourcecode.swift; path = PrimaryDrawingViewController.swift; sourceTree = "<group>"; };
		B98E21FD24FA612C00E98097 /* DrawingCell.swift */ = {isa = PBXFileReference; lastKnownFileType = sourcecode.swift; path = DrawingCell.swift; sourceTree = "<group>"; };
		B98E21FF24FA6C0900E98097 /* SharingViewController.swift */ = {isa = PBXFileReference; lastKnownFileType = sourcecode.swift; path = SharingViewController.swift; sourceTree = "<group>"; };
		B98E220124FA8F3600E98097 /* Drawing.swift */ = {isa = PBXFileReference; lastKnownFileType = sourcecode.swift; path = Drawing.swift; sourceTree = "<group>"; };
		B98E220324FA924200E98097 /* UIView+Extension.swift */ = {isa = PBXFileReference; lastKnownFileType = sourcecode.swift; path = "UIView+Extension.swift"; sourceTree = "<group>"; };
		B98E220524FA946800E98097 /* DrawingViewer.swift */ = {isa = PBXFileReference; lastKnownFileType = sourcecode.swift; path = DrawingViewer.swift; sourceTree = "<group>"; };
		B9E737B524FAB07F001B3BFB /* UIImageView+Extension.swift */ = {isa = PBXFileReference; lastKnownFileType = sourcecode.swift; path = "UIImageView+Extension.swift"; sourceTree = "<group>"; };
/* End PBXFileReference section */

/* Begin PBXFrameworksBuildPhase section */
		B90A0E5E24F71EC100254587 /* Frameworks */ = {
			isa = PBXFrameworksBuildPhase;
			buildActionMask = 2147483647;
			files = (
				74AD845981D6C625D74631CE /* Pods_sketch.framework in Frameworks */,
			);
			runOnlyForDeploymentPostprocessing = 0;
		};
/* End PBXFrameworksBuildPhase section */

/* Begin PBXGroup section */
		5AF9A5EFD7365F3AC58D7399 /* Pods */ = {
			isa = PBXGroup;
			children = (
				4238FB65BA73BF060C78BF38 /* Pods-sketch.debug.xcconfig */,
				77FF2F2292C4AA01791048DA /* Pods-sketch.release.xcconfig */,
			);
			path = Pods;
			sourceTree = "<group>";
		};
		606B91F3B17A409A532D9A13 /* Frameworks */ = {
			isa = PBXGroup;
			children = (
				38A8F4103187354724FE7235 /* Pods_sketch.framework */,
			);
			name = Frameworks;
			sourceTree = "<group>";
		};
		B90A0E5824F71EC100254587 = {
			isa = PBXGroup;
			children = (
				B90A0E6324F71EC100254587 /* sketch */,
				B90A0E6224F71EC100254587 /* Products */,
				5AF9A5EFD7365F3AC58D7399 /* Pods */,
				606B91F3B17A409A532D9A13 /* Frameworks */,
			);
			sourceTree = "<group>";
		};
		B90A0E6224F71EC100254587 /* Products */ = {
			isa = PBXGroup;
			children = (
				B90A0E6124F71EC100254587 /* sketch.app */,
			);
			name = Products;
			sourceTree = "<group>";
		};
		B90A0E6324F71EC100254587 /* sketch */ = {
			isa = PBXGroup;
			children = (
				B90A0E6424F71EC100254587 /* AppDelegate.swift */,
				B90A0E7C24F74D4E00254587 /* Model */,
				B90A0E7E24F74D8400254587 /* View */,
				B90A0E7D24F74D6300254587 /* Controller */,
				B90A0E6D24F71EC300254587 /* Assets.xcassets */,
				B90A0E6F24F71EC300254587 /* LaunchScreen.storyboard */,
				B90A0E7224F71EC300254587 /* Info.plist */,
				B98E21F424FA4B6900E98097 /* GoogleService-Info.plist */,
			);
			path = sketch;
			sourceTree = "<group>";
		};
		B90A0E7C24F74D4E00254587 /* Model */ = {
			isa = PBXGroup;
			children = (
				B90A0E7A24F74D4800254587 /* Line.swift */,
				B98E220124FA8F3600E98097 /* Drawing.swift */,
			);
			path = Model;
			sourceTree = "<group>";
		};
		B90A0E7D24F74D6300254587 /* Controller */ = {
			isa = PBXGroup;
			children = (
				B90A0E6824F71EC100254587 /* SlateViewController.swift */,
				B98E21EE24FA40AF00E98097 /* Welcome.swift */,
				B98E21F024FA444100E98097 /* LoginViewController.swift */,
				B98E21F224FA445300E98097 /* SignUpViewController.swift */,
				B98E21FB24FA5FBF00E98097 /* PrimaryDrawingViewController.swift */,
				B98E21FF24FA6C0900E98097 /* SharingViewController.swift */,
				B98E220524FA946800E98097 /* DrawingViewer.swift */,
			);
			path = Controller;
			sourceTree = "<group>";
		};
		B90A0E7E24F74D8400254587 /* View */ = {
			isa = PBXGroup;
			children = (
				B98E21F624FA50F300E98097 /* Extension */,
				B98E21FD24FA612C00E98097 /* DrawingCell.swift */,
				B90A0E7824F726B500254587 /* Slate.swift */,
			);
			path = View;
			sourceTree = "<group>";
		};
		B98E21F624FA50F300E98097 /* Extension */ = {
			isa = PBXGroup;
			children = (
				B98E21F724FA511500E98097 /* UITectField+Extension.swift */,
				B98E21F924FA51C400E98097 /* UIViewController+Exntension+Alert.swift */,
				B98E220324FA924200E98097 /* UIView+Extension.swift */,
				B9E737B524FAB07F001B3BFB /* UIImageView+Extension.swift */,
			);
			path = Extension;
			sourceTree = "<group>";
		};
/* End PBXGroup section */

/* Begin PBXNativeTarget section */
		B90A0E6024F71EC100254587 /* sketch */ = {
			isa = PBXNativeTarget;
			buildConfigurationList = B90A0E7524F71EC300254587 /* Build configuration list for PBXNativeTarget "sketch" */;
			buildPhases = (
				266350EC1A748D1A7FD7B103 /* [CP] Check Pods Manifest.lock */,
				B90A0E5D24F71EC100254587 /* Sources */,
				B90A0E5E24F71EC100254587 /* Frameworks */,
				B90A0E5F24F71EC100254587 /* Resources */,
				3F0313C6DB68712703F2B52F /* [CP] Embed Pods Frameworks */,
			);
			buildRules = (
			);
			dependencies = (
			);
			name = sketch;
			productName = sketch;
			productReference = B90A0E6124F71EC100254587 /* sketch.app */;
			productType = "com.apple.product-type.application";
		};
/* End PBXNativeTarget section */

/* Begin PBXProject section */
		B90A0E5924F71EC100254587 /* Project object */ = {
			isa = PBXProject;
			attributes = {
				LastSwiftUpdateCheck = 1150;
				LastUpgradeCheck = 1150;
				ORGANIZATIONNAME = manavarthi;
				TargetAttributes = {
					B90A0E6024F71EC100254587 = {
						CreatedOnToolsVersion = 11.5;
					};
				};
			};
			buildConfigurationList = B90A0E5C24F71EC100254587 /* Build configuration list for PBXProject "sketch" */;
			compatibilityVersion = "Xcode 9.3";
			developmentRegion = en;
			hasScannedForEncodings = 0;
			knownRegions = (
				en,
				Base,
			);
			mainGroup = B90A0E5824F71EC100254587;
			productRefGroup = B90A0E6224F71EC100254587 /* Products */;
			projectDirPath = "";
			projectRoot = "";
			targets = (
				B90A0E6024F71EC100254587 /* sketch */,
			);
		};
/* End PBXProject section */

/* Begin PBXResourcesBuildPhase section */
		B90A0E5F24F71EC100254587 /* Resources */ = {
			isa = PBXResourcesBuildPhase;
			buildActionMask = 2147483647;
			files = (
				B90A0E7124F71EC300254587 /* LaunchScreen.storyboard in Resources */,
				B90A0E6E24F71EC300254587 /* Assets.xcassets in Resources */,
				B98E21F524FA4B6900E98097 /* GoogleService-Info.plist in Resources */,
			);
			runOnlyForDeploymentPostprocessing = 0;
		};
/* End PBXResourcesBuildPhase section */

/* Begin PBXShellScriptBuildPhase section */
		266350EC1A748D1A7FD7B103 /* [CP] Check Pods Manifest.lock */ = {
			isa = PBXShellScriptBuildPhase;
			buildActionMask = 2147483647;
			files = (
			);
			inputFileListPaths = (
			);
			inputPaths = (
				"${PODS_PODFILE_DIR_PATH}/Podfile.lock",
				"${PODS_ROOT}/Manifest.lock",
			);
			name = "[CP] Check Pods Manifest.lock";
			outputFileListPaths = (
			);
			outputPaths = (
				"$(DERIVED_FILE_DIR)/Pods-sketch-checkManifestLockResult.txt",
			);
			runOnlyForDeploymentPostprocessing = 0;
			shellPath = /bin/sh;
			shellScript = "diff \"${PODS_PODFILE_DIR_PATH}/Podfile.lock\" \"${PODS_ROOT}/Manifest.lock\" > /dev/null\nif [ $? != 0 ] ; then\n    # print error to STDERR\n    echo \"error: The sandbox is not in sync with the Podfile.lock. Run 'pod install' or update your CocoaPods installation.\" >&2\n    exit 1\nfi\n# This output is used by Xcode 'outputs' to avoid re-running this script phase.\necho \"SUCCESS\" > \"${SCRIPT_OUTPUT_FILE_0}\"\n";
			showEnvVarsInLog = 0;
		};
		3F0313C6DB68712703F2B52F /* [CP] Embed Pods Frameworks */ = {
			isa = PBXShellScriptBuildPhase;
			buildActionMask = 2147483647;
			files = (
			);
			inputFileListPaths = (
				"${PODS_ROOT}/Target Support Files/Pods-sketch/Pods-sketch-frameworks-${CONFIGURATION}-input-files.xcfilelist",
			);
			name = "[CP] Embed Pods Frameworks";
			outputFileListPaths = (
				"${PODS_ROOT}/Target Support Files/Pods-sketch/Pods-sketch-frameworks-${CONFIGURATION}-output-files.xcfilelist",
			);
			runOnlyForDeploymentPostprocessing = 0;
			shellPath = /bin/sh;
			shellScript = "\"${PODS_ROOT}/Target Support Files/Pods-sketch/Pods-sketch-frameworks.sh\"\n";
			showEnvVarsInLog = 0;
		};
/* End PBXShellScriptBuildPhase section */

/* Begin PBXSourcesBuildPhase section */
		B90A0E5D24F71EC100254587 /* Sources */ = {
			isa = PBXSourcesBuildPhase;
			buildActionMask = 2147483647;
			files = (
				B98E21F824FA511500E98097 /* UITectField+Extension.swift in Sources */,
				B98E21F124FA444100E98097 /* LoginViewController.swift in Sources */,
				B98E21F324FA445300E98097 /* SignUpViewController.swift in Sources */,
				B98E21FA24FA51C400E98097 /* UIViewController+Exntension+Alert.swift in Sources */,
				B90A0E6924F71EC100254587 /* SlateViewController.swift in Sources */,
				B98E220024FA6C0900E98097 /* SharingViewController.swift in Sources */,
				B98E21EF24FA40AF00E98097 /* Welcome.swift in Sources */,
				B98E21FC24FA5FBF00E98097 /* PrimaryDrawingViewController.swift in Sources */,
				B98E220424FA924200E98097 /* UIView+Extension.swift in Sources */,
				B90A0E7B24F74D4800254587 /* Line.swift in Sources */,
				B9E737B624FAB07F001B3BFB /* UIImageView+Extension.swift in Sources */,
				B98E220224FA8F3600E98097 /* Drawing.swift in Sources */,
				B90A0E6524F71EC100254587 /* AppDelegate.swift in Sources */,
				B98E220624FA946800E98097 /* DrawingViewer.swift in Sources */,
				B98E21FE24FA612C00E98097 /* DrawingCell.swift in Sources */,
				B90A0E7924F726B500254587 /* Slate.swift in Sources */,
			);
			runOnlyForDeploymentPostprocessing = 0;
		};
/* End PBXSourcesBuildPhase section */

/* Begin PBXVariantGroup section */
		B90A0E6F24F71EC300254587 /* LaunchScreen.storyboard */ = {
			isa = PBXVariantGroup;
			children = (
				B90A0E7024F71EC300254587 /* Base */,
			);
			name = LaunchScreen.storyboard;
			sourceTree = "<group>";
		};
/* End PBXVariantGroup section */

/* Begin XCBuildConfiguration section */
		B90A0E7324F71EC300254587 /* Debug */ = {
			isa = XCBuildConfiguration;
			buildSettings = {
				ALWAYS_SEARCH_USER_PATHS = NO;
				CLANG_ANALYZER_NONNULL = YES;
				CLANG_ANALYZER_NUMBER_OBJECT_CONVERSION = YES_AGGRESSIVE;
				CLANG_CXX_LANGUAGE_STANDARD = "gnu++14";
				CLANG_CXX_LIBRARY = "libc++";
				CLANG_ENABLE_MODULES = YES;
				CLANG_ENABLE_OBJC_ARC = YES;
				CLANG_ENABLE_OBJC_WEAK = YES;
				CLANG_WARN_BLOCK_CAPTURE_AUTORELEASING = YES;
				CLANG_WARN_BOOL_CONVERSION = YES;
				CLANG_WARN_COMMA = YES;
				CLANG_WARN_CONSTANT_CONVERSION = YES;
				CLANG_WARN_DEPRECATED_OBJC_IMPLEMENTATIONS = YES;
				CLANG_WARN_DIRECT_OBJC_ISA_USAGE = YES_ERROR;
				CLANG_WARN_DOCUMENTATION_COMMENTS = YES;
				CLANG_WARN_EMPTY_BODY = YES;
				CLANG_WARN_ENUM_CONVERSION = YES;
				CLANG_WARN_INFINITE_RECURSION = YES;
				CLANG_WARN_INT_CONVERSION = YES;
				CLANG_WARN_NON_LITERAL_NULL_CONVERSION = YES;
				CLANG_WARN_OBJC_IMPLICIT_RETAIN_SELF = YES;
				CLANG_WARN_OBJC_LITERAL_CONVERSION = YES;
				CLANG_WARN_OBJC_ROOT_CLASS = YES_ERROR;
				CLANG_WARN_RANGE_LOOP_ANALYSIS = YES;
				CLANG_WARN_STRICT_PROTOTYPES = YES;
				CLANG_WARN_SUSPICIOUS_MOVE = YES;
				CLANG_WARN_UNGUARDED_AVAILABILITY = YES_AGGRESSIVE;
				CLANG_WARN_UNREACHABLE_CODE = YES;
				CLANG_WARN__DUPLICATE_METHOD_MATCH = YES;
				COPY_PHASE_STRIP = NO;
				DEBUG_INFORMATION_FORMAT = dwarf;
				ENABLE_STRICT_OBJC_MSGSEND = YES;
				ENABLE_TESTABILITY = YES;
				GCC_C_LANGUAGE_STANDARD = gnu11;
				GCC_DYNAMIC_NO_PIC = NO;
				GCC_NO_COMMON_BLOCKS = YES;
				GCC_OPTIMIZATION_LEVEL = 0;
				GCC_PREPROCESSOR_DEFINITIONS = (
					"DEBUG=1",
					"$(inherited)",
				);
				GCC_WARN_64_TO_32_BIT_CONVERSION = YES;
				GCC_WARN_ABOUT_RETURN_TYPE = YES_ERROR;
				GCC_WARN_UNDECLARED_SELECTOR = YES;
				GCC_WARN_UNINITIALIZED_AUTOS = YES_AGGRESSIVE;
				GCC_WARN_UNUSED_FUNCTION = YES;
				GCC_WARN_UNUSED_VARIABLE = YES;
				IPHONEOS_DEPLOYMENT_TARGET = 13.5;
				MTL_ENABLE_DEBUG_INFO = INCLUDE_SOURCE;
				MTL_FAST_MATH = YES;
				ONLY_ACTIVE_ARCH = YES;
				SDKROOT = iphoneos;
				SWIFT_ACTIVE_COMPILATION_CONDITIONS = DEBUG;
				SWIFT_OPTIMIZATION_LEVEL = "-Onone";
			};
			name = Debug;
		};
		B90A0E7424F71EC300254587 /* Release */ = {
			isa = XCBuildConfiguration;
			buildSettings = {
				ALWAYS_SEARCH_USER_PATHS = NO;
				CLANG_ANALYZER_NONNULL = YES;
				CLANG_ANALYZER_NUMBER_OBJECT_CONVERSION = YES_AGGRESSIVE;
				CLANG_CXX_LANGUAGE_STANDARD = "gnu++14";
				CLANG_CXX_LIBRARY = "libc++";
				CLANG_ENABLE_MODULES = YES;
				CLANG_ENABLE_OBJC_ARC = YES;
				CLANG_ENABLE_OBJC_WEAK = YES;
				CLANG_WARN_BLOCK_CAPTURE_AUTORELEASING = YES;
				CLANG_WARN_BOOL_CONVERSION = YES;
				CLANG_WARN_COMMA = YES;
				CLANG_WARN_CONSTANT_CONVERSION = YES;
				CLANG_WARN_DEPRECATED_OBJC_IMPLEMENTATIONS = YES;
				CLANG_WARN_DIRECT_OBJC_ISA_USAGE = YES_ERROR;
				CLANG_WARN_DOCUMENTATION_COMMENTS = YES;
				CLANG_WARN_EMPTY_BODY = YES;
				CLANG_WARN_ENUM_CONVERSION = YES;
				CLANG_WARN_INFINITE_RECURSION = YES;
				CLANG_WARN_INT_CONVERSION = YES;
				CLANG_WARN_NON_LITERAL_NULL_CONVERSION = YES;
				CLANG_WARN_OBJC_IMPLICIT_RETAIN_SELF = YES;
				CLANG_WARN_OBJC_LITERAL_CONVERSION = YES;
				CLANG_WARN_OBJC_ROOT_CLASS = YES_ERROR;
				CLANG_WARN_RANGE_LOOP_ANALYSIS = YES;
				CLANG_WARN_STRICT_PROTOTYPES = YES;
				CLANG_WARN_SUSPICIOUS_MOVE = YES;
				CLANG_WARN_UNGUARDED_AVAILABILITY = YES_AGGRESSIVE;
				CLANG_WARN_UNREACHABLE_CODE = YES;
				CLANG_WARN__DUPLICATE_METHOD_MATCH = YES;
				COPY_PHASE_STRIP = NO;
				DEBUG_INFORMATION_FORMAT = "dwarf-with-dsym";
				ENABLE_NS_ASSERTIONS = NO;
				ENABLE_STRICT_OBJC_MSGSEND = YES;
				GCC_C_LANGUAGE_STANDARD = gnu11;
				GCC_NO_COMMON_BLOCKS = YES;
				GCC_WARN_64_TO_32_BIT_CONVERSION = YES;
				GCC_WARN_ABOUT_RETURN_TYPE = YES_ERROR;
				GCC_WARN_UNDECLARED_SELECTOR = YES;
				GCC_WARN_UNINITIALIZED_AUTOS = YES_AGGRESSIVE;
				GCC_WARN_UNUSED_FUNCTION = YES;
				GCC_WARN_UNUSED_VARIABLE = YES;
				IPHONEOS_DEPLOYMENT_TARGET = 13.5;
				MTL_ENABLE_DEBUG_INFO = NO;
				MTL_FAST_MATH = YES;
				SDKROOT = iphoneos;
				SWIFT_COMPILATION_MODE = wholemodule;
				SWIFT_OPTIMIZATION_LEVEL = "-O";
				VALIDATE_PRODUCT = YES;
			};
			name = Release;
		};
		B90A0E7624F71EC300254587 /* Debug */ = {
			isa = XCBuildConfiguration;
			baseConfigurationReference = 4238FB65BA73BF060C78BF38 /* Pods-sketch.debug.xcconfig */;
			buildSettings = {
				ASSETCATALOG_COMPILER_APPICON_NAME = AppIcon;
				CODE_SIGN_STYLE = Automatic;
				DEVELOPMENT_TEAM = YSVZK89T7J;
				INFOPLIST_FILE = sketch/Info.plist;
				LD_RUNPATH_SEARCH_PATHS = (
					"$(inherited)",
					"@executable_path/Frameworks",
				);
				PRODUCT_BUNDLE_IDENTIFIER = com.manavarthi.sketch;
				PRODUCT_NAME = "$(TARGET_NAME)";
				SWIFT_VERSION = 5.0;
				TARGETED_DEVICE_FAMILY = "1,2";
			};
			name = Debug;
		};
		B90A0E7724F71EC300254587 /* Release */ = {
			isa = XCBuildConfiguration;
			baseConfigurationReference = 77FF2F2292C4AA01791048DA /* Pods-sketch.release.xcconfig */;
			buildSettings = {
				ASSETCATALOG_COMPILER_APPICON_NAME = AppIcon;
				CODE_SIGN_STYLE = Automatic;
				DEVELOPMENT_TEAM = YSVZK89T7J;
				INFOPLIST_FILE = sketch/Info.plist;
				LD_RUNPATH_SEARCH_PATHS = (
					"$(inherited)",
					"@executable_path/Frameworks",
				);
				PRODUCT_BUNDLE_IDENTIFIER = com.manavarthi.sketch;
				PRODUCT_NAME = "$(TARGET_NAME)";
				SWIFT_VERSION = 5.0;
				TARGETED_DEVICE_FAMILY = "1,2";
			};
			name = Release;
		};
/* End XCBuildConfiguration section */

/* Begin XCConfigurationList section */
		B90A0E5C24F71EC100254587 /* Build configuration list for PBXProject "sketch" */ = {
			isa = XCConfigurationList;
			buildConfigurations = (
				B90A0E7324F71EC300254587 /* Debug */,
				B90A0E7424F71EC300254587 /* Release */,
			);
			defaultConfigurationIsVisible = 0;
			defaultConfigurationName = Release;
		};
		B90A0E7524F71EC300254587 /* Build configuration list for PBXNativeTarget "sketch" */ = {
			isa = XCConfigurationList;
			buildConfigurations = (
				B90A0E7624F71EC300254587 /* Debug */,
				B90A0E7724F71EC300254587 /* Release */,
			);
			defaultConfigurationIsVisible = 0;
			defaultConfigurationName = Release;
		};
/* End XCConfigurationList section */
	};
	rootObject = B90A0E5924F71EC100254587 /* Project object */;
}
