// !$*UTF8*$!
{
	archiveVersion = 1;
	classes = {
	};
	objectVersion = 50;
	objects = {

/* Begin PBXBuildFile section */
		B90A0E6524F71EC100254587 /* AppDelegate.swift in Sources */ = {isa = PBXBuildFile; fileRef = B90A0E6424F71EC100254587 /* AppDelegate.swift */; };
		B90A0E6724F71EC100254587 /* SceneDelegate.swift in Sources */ = {isa = PBXBuildFile; fileRef = B90A0E6624F71EC100254587 /* SceneDelegate.swift */; };
		B90A0E6924F71EC100254587 /* ViewController.swift in Sources */ = {isa = PBXBuildFile; fileRef = B90A0E6824F71EC100254587 /* ViewController.swift */; };
		B90A0E6C24F71EC100254587 /* Main.storyboard in Resources */ = {isa = PBXBuildFile; fileRef = B90A0E6A24F71EC100254587 /* Main.storyboard */; };
		B90A0E6E24F71EC300254587 /* Assets.xcassets in Resources */ = {isa = PBXBuildFile; fileRef = B90A0E6D24F71EC300254587 /* Assets.xcassets */; };
		B90A0E7124F71EC300254587 /* LaunchScreen.storyboard in Resources */ = {isa = PBXBuildFile; fileRef = B90A0E6F24F71EC300254587 /* LaunchScreen.storyboard */; };
/* End PBXBuildFile section */

/* Begin PBXFileReference section */
		B90A0E6124F71EC100254587 /* sketch.app */ = {isa = PBXFileReference; explicitFileType = wrapper.application; includeInIndex = 0; path = sketch.app; sourceTree = BUILT_PRODUCTS_DIR; };
		B90A0E6424F71EC100254587 /* AppDelegate.swift */ = {isa = PBXFileReference; lastKnownFileType = sourcecode.swift; path = AppDelegate.swift; sourceTree = "<group>"; };
		B90A0E6624F71EC100254587 /* SceneDelegate.swift */ = {isa = PBXFileReference; lastKnownFileType = sourcecode.swift; path = SceneDelegate.swift; sourceTree = "<group>"; };
		B90A0E6824F71EC100254587 /* ViewController.swift */ = {isa = PBXFileReference; lastKnownFileType = sourcecode.swift; path = ViewController.swift; sourceTree = "<group>"; };
		B90A0E6B24F71EC100254587 /* Base */ = {isa = PBXFileReference; lastKnownFileType = file.storyboard; name = Base; path = Base.lproj/Main.storyboard; sourceTree = "<group>"; };
		B90A0E6D24F71EC300254587 /* Assets.xcassets */ = {isa = PBXFileReference; lastKnownFileType = folder.assetcatalog; path = Assets.xcassets; sourceTree = "<group>"; };
		B90A0E7024F71EC300254587 /* Base */ = {isa = PBXFileReference; lastKnownFileType = file.storyboard; name = Base; path = Base.lproj/LaunchScreen.storyboard; sourceTree = "<group>"; };
		B90A0E7224F71EC300254587 /* Info.plist */ = {isa = PBXFileReference; lastKnownFileType = text.plist.xml; path = Info.plist; sourceTree = "<group>"; };
/* End PBXFileReference section */

/* Begin PBXFrameworksBuildPhase section */
		B90A0E5E24F71EC100254587 /* Frameworks */ = {
			isa = PBXFrameworksBuildPhase;
			buildActionMask = 2147483647;
			files = (
			);
			runOnlyForDeploymentPostprocessing = 0;
		};
/* End PBXFrameworksBuildPhase section */

/* Begin PBXGroup section */
		B90A0E5824F71EC100254587 = {
			isa = PBXGroup;
			children = (
				B90A0E6324F71EC100254587 /* sketch */,
				B90A0E6224F71EC100254587 /* Products */,
			);
			sourceTree = "<group>";
		};
		B90A0E6224F71EC100254587 /* Products */ = {
			isa = PBXGroup;
			children = (
				B90A0E6124F71EC100254587 /* sketch.app */,
			);
			name = Products;
			sourceTree = "<group>";
		};
		B90A0E6324F71EC100254587 /* sketch */ = {
			isa = PBXGroup;
			children = (
				B90A0E6424F71EC100254587 /* AppDelegate.swift */,
				B90A0E6624F71EC100254587 /* SceneDelegate.swift */,
				B90A0E6824F71EC100254587 /* ViewController.swift */,
				B90A0E6A24F71EC100254587 /* Main.storyboard */,
				B90A0E6D24F71EC300254587 /* Assets.xcassets */,
				B90A0E6F24F71EC300254587 /* LaunchScreen.storyboard */,
				B90A0E7224F71EC300254587 /* Info.plist */,
			);
			path = sketch;
			sourceTree = "<group>";
		};
/* End PBXGroup section */

/* Begin PBXNativeTarget section */
		B90A0E6024F71EC100254587 /* sketch */ = {
			isa = PBXNativeTarget;
			buildConfigurationList = B90A0E7524F71EC300254587 /* Build configuration list for PBXNativeTarget "sketch" */;
			buildPhases = (
				B90A0E5D24F71EC100254587 /* Sources */,
				B90A0E5E24F71EC100254587 /* Frameworks */,
				B90A0E5F24F71EC100254587 /* Resources */,
			);
			buildRules = (
			);
			dependencies = (
			);
			name = sketch;
			productName = sketch;
			productReference = B90A0E6124F71EC100254587 /* sketch.app */;
			productType = "com.apple.product-type.application";
		};
/* End PBXNativeTarget section */

/* Begin PBXProject section */
		B90A0E5924F71EC100254587 /* Project object */ = {
			isa = PBXProject;
			attributes = {
				LastSwiftUpdateCheck = 1150;
				LastUpgradeCheck = 1150;
				ORGANIZATIONNAME = manavarthi;
				TargetAttributes = {
					B90A0E6024F71EC100254587 = {
						CreatedOnToolsVersion = 11.5;
					};
				};
			};
			buildConfigurationList = B90A0E5C24F71EC100254587 /* Build configuration list for PBXProject "sketch" */;
			compatibilityVersion = "Xcode 9.3";
			developmentRegion = en;
			hasScannedForEncodings = 0;
			knownRegions = (
				en,
				Base,
			);
			mainGroup = B90A0E5824F71EC100254587;
			productRefGroup = B90A0E6224F71EC100254587 /* Products */;
			projectDirPath = "";
			projectRoot = "";
			targets = (
				B90A0E6024F71EC100254587 /* sketch */,
			);
		};
/* End PBXProject section */

/* Begin PBXResourcesBuildPhase section */
		B90A0E5F24F71EC100254587 /* Resources */ = {
			isa = PBXResourcesBuildPhase;
			buildActionMask = 2147483647;
			files = (
				B90A0E7124F71EC300254587 /* LaunchScreen.storyboard in Resources */,
				B90A0E6E24F71EC300254587 /* Assets.xcassets in Resources */,
				B90A0E6C24F71EC100254587 /* Main.storyboard in Resources */,
			);
			runOnlyForDeploymentPostprocessing = 0;
		};
/* End PBXResourcesBuildPhase section */

/* Begin PBXSourcesBuildPhase section */
		B90A0E5D24F71EC100254587 /* Sources */ = {
			isa = PBXSourcesBuildPhase;
			buildActionMask = 2147483647;
			files = (
				B90A0E6924F71EC100254587 /* ViewController.swift in Sources */,
				B90A0E6524F71EC100254587 /* AppDelegate.swift in Sources */,
				B90A0E6724F71EC100254587 /* SceneDelegate.swift in Sources */,
			);
			runOnlyForDeploymentPostprocessing = 0;
		};
/* End PBXSourcesBuildPhase section */

/* Begin PBXVariantGroup section */
		B90A0E6A24F71EC100254587 /* Main.storyboard */ = {
			isa = PBXVariantGroup;
			children = (
				B90A0E6B24F71EC100254587 /* Base */,
			);
			name = Main.storyboard;
			sourceTree = "<group>";
		};
		B90A0E6F24F71EC300254587 /* LaunchScreen.storyboard */ = {
			isa = PBXVariantGroup;
			children = (
				B90A0E7024F71EC300254587 /* Base */,
			);
			name = LaunchScreen.storyboard;
			sourceTree = "<group>";
		};
/* End PBXVariantGroup section */

/* Begin XCBuildConfiguration section */
		B90A0E7324F71EC300254587 /* Debug */ = {
			isa = XCBuildConfiguration;
			buildSettings = {
				ALWAYS_SEARCH_USER_PATHS = NO;
				CLANG_ANALYZER_NONNULL = YES;
				CLANG_ANALYZER_NUMBER_OBJECT_CONVERSION = YES_AGGRESSIVE;
				CLANG_CXX_LANGUAGE_STANDARD = "gnu++14";
				CLANG_CXX_LIBRARY = "libc++";
				CLANG_ENABLE_MODULES = YES;
				CLANG_ENABLE_OBJC_ARC = YES;
				CLANG_ENABLE_OBJC_WEAK = YES;
				CLANG_WARN_BLOCK_CAPTURE_AUTORELEASING = YES;
				CLANG_WARN_BOOL_CONVERSION = YES;
				CLANG_WARN_COMMA = YES;
				CLANG_WARN_CONSTANT_CONVERSION = YES;
				CLANG_WARN_DEPRECATED_OBJC_IMPLEMENTATIONS = YES;
				CLANG_WARN_DIRECT_OBJC_ISA_USAGE = YES_ERROR;
				CLANG_WARN_DOCUMENTATION_COMMENTS = YES;
				CLANG_WARN_EMPTY_BODY = YES;
				CLANG_WARN_ENUM_CONVERSION = YES;
				CLANG_WARN_INFINITE_RECURSION = YES;
				CLANG_WARN_INT_CONVERSION = YES;
				CLANG_WARN_NON_LITERAL_NULL_CONVERSION = YES;
				CLANG_WARN_OBJC_IMPLICIT_RETAIN_SELF = YES;
				CLANG_WARN_OBJC_LITERAL_CONVERSION = YES;
				CLANG_WARN_OBJC_ROOT_CLASS = YES_ERROR;
				CLANG_WARN_RANGE_LOOP_ANALYSIS = YES;
				CLANG_WARN_STRICT_PROTOTYPES = YES;
				CLANG_WARN_SUSPICIOUS_MOVE = YES;
				CLANG_WARN_UNGUARDED_AVAILABILITY = YES_AGGRESSIVE;
				CLANG_WARN_UNREACHABLE_CODE = YES;
				CLANG_WARN__DUPLICATE_METHOD_MATCH = YES;
				COPY_PHASE_STRIP = NO;
				DEBUG_INFORMATION_FORMAT = dwarf;
				ENABLE_STRICT_OBJC_MSGSEND = YES;
				ENABLE_TESTABILITY = YES;
				GCC_C_LANGUAGE_STANDARD = gnu11;
				GCC_DYNAMIC_NO_PIC = NO;
				GCC_NO_COMMON_BLOCKS = YES;
				GCC_OPTIMIZATION_LEVEL = 0;
				GCC_PREPROCESSOR_DEFINITIONS = (
					"DEBUG=1",
					"$(inherited)",
				);
				GCC_WARN_64_TO_32_BIT_CONVERSION = YES;
				GCC_WARN_ABOUT_RETURN_TYPE = YES_ERROR;
				GCC_WARN_UNDECLARED_SELECTOR = YES;
				GCC_WARN_UNINITIALIZED_AUTOS = YES_AGGRESSIVE;
				GCC_WARN_UNUSED_FUNCTION = YES;
				GCC_WARN_UNUSED_VARIABLE = YES;
				IPHONEOS_DEPLOYMENT_TARGET = 13.5;
				MTL_ENABLE_DEBUG_INFO = INCLUDE_SOURCE;
				MTL_FAST_MATH = YES;
				ONLY_ACTIVE_ARCH = YES;
				SDKROOT = iphoneos;
				SWIFT_ACTIVE_COMPILATION_CONDITIONS = DEBUG;
				SWIFT_OPTIMIZATION_LEVEL = "-Onone";
			};
			name = Debug;
		};
		B90A0E7424F71EC300254587 /* Release */ = {
			isa = XCBuildConfiguration;
			buildSettings = {
				ALWAYS_SEARCH_USER_PATHS = NO;
				CLANG_ANALYZER_NONNULL = YES;
				CLANG_ANALYZER_NUMBER_OBJECT_CONVERSION = YES_AGGRESSIVE;
				CLANG_CXX_LANGUAGE_STANDARD = "gnu++14";
				CLANG_CXX_LIBRARY = "libc++";
				CLANG_ENABLE_MODULES = YES;
				CLANG_ENABLE_OBJC_ARC = YES;
				CLANG_ENABLE_OBJC_WEAK = YES;
				CLANG_WARN_BLOCK_CAPTURE_AUTORELEASING = YES;
				CLANG_WARN_BOOL_CONVERSION = YES;
				CLANG_WARN_COMMA = YES;
				CLANG_WARN_CONSTANT_CONVERSION = YES;
				CLANG_WARN_DEPRECATED_OBJC_IMPLEMENTATIONS = YES;
				CLANG_WARN_DIRECT_OBJC_ISA_USAGE = YES_ERROR;
				CLANG_WARN_DOCUMENTATION_COMMENTS = YES;
				CLANG_WARN_EMPTY_BODY = YES;
				CLANG_WARN_ENUM_CONVERSION = YES;
				CLANG_WARN_INFINITE_RECURSION = YES;
				CLANG_WARN_INT_CONVERSION = YES;
				CLANG_WARN_NON_LITERAL_NULL_CONVERSION = YES;
				CLANG_WARN_OBJC_IMPLICIT_RETAIN_SELF = YES;
				CLANG_WARN_OBJC_LITERAL_CONVERSION = YES;
				CLANG_WARN_OBJC_ROOT_CLASS = YES_ERROR;
				CLANG_WARN_RANGE_LOOP_ANALYSIS = YES;
				CLANG_WARN_STRICT_PROTOTYPES = YES;
				CLANG_WARN_SUSPICIOUS_MOVE = YES;
				CLANG_WARN_UNGUARDED_AVAILABILITY = YES_AGGRESSIVE;
				CLANG_WARN_UNREACHABLE_CODE = YES;
				CLANG_WARN__DUPLICATE_METHOD_MATCH = YES;
				COPY_PHASE_STRIP = NO;
				DEBUG_INFORMATION_FORMAT = "dwarf-with-dsym";
				ENABLE_NS_ASSERTIONS = NO;
				ENABLE_STRICT_OBJC_MSGSEND = YES;
				GCC_C_LANGUAGE_STANDARD = gnu11;
				GCC_NO_COMMON_BLOCKS = YES;
				GCC_WARN_64_TO_32_BIT_CONVERSION = YES;
				GCC_WARN_ABOUT_RETURN_TYPE = YES_ERROR;
				GCC_WARN_UNDECLARED_SELECTOR = YES;
				GCC_WARN_UNINITIALIZED_AUTOS = YES_AGGRESSIVE;
				GCC_WARN_UNUSED_FUNCTION = YES;
				GCC_WARN_UNUSED_VARIABLE = YES;
				IPHONEOS_DEPLOYMENT_TARGET = 13.5;
				MTL_ENABLE_DEBUG_INFO = NO;
				MTL_FAST_MATH = YES;
				SDKROOT = iphoneos;
				SWIFT_COMPILATION_MODE = wholemodule;
				SWIFT_OPTIMIZATION_LEVEL = "-O";
				VALIDATE_PRODUCT = YES;
			};
			name = Release;
		};
		B90A0E7624F71EC300254587 /* Debug */ = {
			isa = XCBuildConfiguration;
			buildSettings = {
				ASSETCATALOG_COMPILER_APPICON_NAME = AppIcon;
				CODE_SIGN_STYLE = Automatic;
				DEVELOPMENT_TEAM = YSVZK89T7J;
				INFOPLIST_FILE = sketch/Info.plist;
				LD_RUNPATH_SEARCH_PATHS = (
					"$(inherited)",
					"@executable_path/Frameworks",
				);
				PRODUCT_BUNDLE_IDENTIFIER = com.manavarthi.sketch;
				PRODUCT_NAME = "$(TARGET_NAME)";
				SWIFT_VERSION = 5.0;
				TARGETED_DEVICE_FAMILY = "1,2";
			};
			name = Debug;
		};
		B90A0E7724F71EC300254587 /* Release */ = {
			isa = XCBuildConfiguration;
			buildSettings = {
				ASSETCATALOG_COMPILER_APPICON_NAME = AppIcon;
				CODE_SIGN_STYLE = Automatic;
				DEVELOPMENT_TEAM = YSVZK89T7J;
				INFOPLIST_FILE = sketch/Info.plist;
				LD_RUNPATH_SEARCH_PATHS = (
					"$(inherited)",
					"@executable_path/Frameworks",
				);
				PRODUCT_BUNDLE_IDENTIFIER = com.manavarthi.sketch;
				PRODUCT_NAME = "$(TARGET_NAME)";
				SWIFT_VERSION = 5.0;
				TARGETED_DEVICE_FAMILY = "1,2";
			};
			name = Release;
		};
/* End XCBuildConfiguration section */

/* Begin XCConfigurationList section */
		B90A0E5C24F71EC100254587 /* Build configuration list for PBXProject "sketch" */ = {
			isa = XCConfigurationList;
			buildConfigurations = (
				B90A0E7324F71EC300254587 /* Debug */,
				B90A0E7424F71EC300254587 /* Release */,
			);
			defaultConfigurationIsVisible = 0;
			defaultConfigurationName = Release;
		};
		B90A0E7524F71EC300254587 /* Build configuration list for PBXNativeTarget "sketch" */ = {
			isa = XCConfigurationList;
			buildConfigurations = (
				B90A0E7624F71EC300254587 /* Debug */,
				B90A0E7724F71EC300254587 /* Release */,
			);
			defaultConfigurationIsVisible = 0;
			defaultConfigurationName = Release;
		};
/* End XCConfigurationList section */
	};
	rootObject = B90A0E5924F71EC100254587 /* Project object */;
}
